PODS:
  - InputMask (4.0.0)
  - IQKeyboardManager (6.2.0)
  - lottie-ios (2.5.2)
  - MarqueeLabel/Swift (3.1.6)
  - NotificationBannerSwift (1.6.3):
    - MarqueeLabel/Swift
    - SnapKit (~> 4.0)
  - NVActivityIndicatorView (4.4.0):
    - NVActivityIndicatorView/Presenter (= 4.4.0)
  - NVActivityIndicatorView/Presenter (4.4.0)
  - SnapKit (4.0.1)
  - SwiftGen (5.3.0)
  - SwiftLint (0.27.0)
  - Swinject (2.4.1)

DEPENDENCIES:
  - InputMask (= 4.0.0)
  - IQKeyboardManager
  - lottie-ios
  - MarqueeLabel/Swift (= 3.1.6)
  - NotificationBannerSwift (= 1.6.3)
  - NVActivityIndicatorView
  - SnapKit
  - SwiftGen (= 5.3.0)
  - SwiftLint
  - Swinject

SPEC REPOS:
  https://github.com/cocoapods/specs.git:
    - InputMask
    - IQKeyboardManager
    - lottie-ios
    - MarqueeLabel
    - NotificationBannerSwift
    - NVActivityIndicatorView
    - SnapKit
    - SwiftGen
    - SwiftLint
    - Swinject

SPEC CHECKSUMS:
  InputMask: e3fe4ee45ce70241fd76684c1e9d6f98e1492eab
  IQKeyboardManager: 6194101620b73af5e67900b8f89707a99de0b804
  lottie-ios: 3fef45d3fabe63e3c7c2eb603dd64ddfffc73062
  MarqueeLabel: 0c41f08ef5773e29c0f71064a8fa788a2fd8b365
  NotificationBannerSwift: b231e4c3244848ef300e1c53ce027b9756b9b06f
  NVActivityIndicatorView: ec7440a57af2450319d3a4181cca7da6fc127064
  SnapKit: 0de968a9fec17499afa29683b05d0c775b6d1c29
  SwiftGen: 4379bd3640b0a212a0f6ea3c494adba385513d10
  SwiftLint: 3207c1faa2240bf8973b191820a116113cd11073
  Swinject: f7f15a9672e99328c1f07f277091087917215700

PODFILE CHECKSUM: c5e4c0855f8ef8d74edd3f362424be8bb214382d

COCOAPODS: 1.5.3
